
Microsoft Visual Studio Solution File, Format Version 12.00
# Visual Studio Version 17
VisualStudioVersion = 17.4.33205.214
MinimumVisualStudioVersion = 10.0.40219.1
Project("{8BC9CEB8-8B4A-11D0-8D11-00A0C91BC942}") = "Nelder-Mid", "Nelder-Mid.vcxproj", "{7B897B1E-E7F2-449D-9C17-8D274ECCC19F}"
EndProject
Global
	GlobalSection(SolutionConfigurationPlatforms) = preSolution
		Debug|x64 = Debug|x64
		Debug|x86 = Debug|x86
		Release|x64 = Release|x64
		Release|x86 = Release|x86
	EndGlobalSection
	GlobalSection(ProjectConfigurationPlatforms) = postSolution
		{7B897B1E-E7F2-449D-9C17-8D274ECCC19F}.Debug|x64.ActiveCfg = Debug|x64
		{7B897B1E-E7F2-449D-9C17-8D274ECCC19F}.Debug|x64.Build.0 = Debug|x64
		{7B897B1E-E7F2-449D-9C17-8D274ECCC19F}.Debug|x86.ActiveCfg = Debug|Win32
		{7B897B1E-E7F2-449D-9C17-8D274ECCC19F}.Debug|x86.Build.0 = Debug|Win32
		{7B897B1E-E7F2-449D-9C17-8D274ECCC19F}.Release|x64.ActiveCfg = Release|x64
		{7B897B1E-E7F2-449D-9C17-8D274ECCC19F}.Release|x64.Build.0 = Release|x64
		{7B897B1E-E7F2-449D-9C17-8D274ECCC19F}.Release|x86.ActiveCfg = Release|Win32
		{7B897B1E-E7F2-449D-9C17-8D274ECCC19F}.Release|x86.Build.0 = Release|Win32
	EndGlobalSection
	GlobalSection(SolutionProperties) = preSolution
		HideSolutionNode = FALSE
	EndGlobalSection
	GlobalSection(ExtensibilityGlobals) = postSolution
		SolutionGuid = {71969B15-618B-43EF-BA42-53D099BE0970}
	EndGlobalSection
EndGlobal
